
Microsoft Visual Studio Solution File, Format Version 12.00
# Visual Studio 15
VisualStudioVersion = 15.0.27130.2036
MinimumVisualStudioVersion = 10.0.40219.1
Project("{FAE04EC0-301F-11D3-BF4B-00C04F79EFBC}") = "ModbusEmulator", "ModbusEmulator\ModbusEmulator.csproj", "{021C51D3-840A-4793-B008-331669140250}"
EndProject
Project("{FAE04EC0-301F-11D3-BF4B-00C04F79EFBC}") = "ModbusMaster", "ModbusMaster\ModbusMaster.csproj", "{3D2FE1CE-2627-44FA-A834-24A81A1B7426}"
EndProject
Global
	GlobalSection(SolutionConfigurationPlatforms) = preSolution
		Debug|Any CPU = Debug|Any CPU
		Release|Any CPU = Release|Any CPU
	EndGlobalSection
	GlobalSection(ProjectConfigurationPlatforms) = postSolution
		{021C51D3-840A-4793-B008-331669140250}.Debug|Any CPU.ActiveCfg = Debug|Any CPU
		{021C51D3-840A-4793-B008-331669140250}.Debug|Any CPU.Build.0 = Debug|Any CPU
		{021C51D3-840A-4793-B008-331669140250}.Release|Any CPU.ActiveCfg = Release|Any CPU
		{021C51D3-840A-4793-B008-331669140250}.Release|Any CPU.Build.0 = Release|Any CPU
		{3D2FE1CE-2627-44FA-A834-24A81A1B7426}.Debug|Any CPU.ActiveCfg = Debug|Any CPU
		{3D2FE1CE-2627-44FA-A834-24A81A1B7426}.Debug|Any CPU.Build.0 = Debug|Any CPU
		{3D2FE1CE-2627-44FA-A834-24A81A1B7426}.Release|Any CPU.ActiveCfg = Release|Any CPU
		{3D2FE1CE-2627-44FA-A834-24A81A1B7426}.Release|Any CPU.Build.0 = Release|Any CPU
	EndGlobalSection
	GlobalSection(SolutionProperties) = preSolution
		HideSolutionNode = FALSE
	EndGlobalSection
	GlobalSection(ExtensibilityGlobals) = postSolution
		SolutionGuid = {0ED2D5A2-3A7B-4C91-A7EF-8EA15BB853AA}
	EndGlobalSection
EndGlobal
